{
  "name": "immortal-protocol",
  "version": "1.0.0",
  "lockfileVersion": 3,
  "requires": true,
  "packages": {
    "": {
      "name": "immortal-protocol",
      "version": "1.0.0",
      "dependencies": {
        "phaser": "^3.80.0",
        "timewatch": "^1.0.0"
      }
    },
    "node_modules/eventemitter3": {
      "version": "5.0.1",
      "resolved": "https://registry.npmjs.org/eventemitter3/-/eventemitter3-5.0.1.tgz",
      "integrity": "sha512-GWkBvjiSZK87ELrYOSESUYeVIc9mvLLf/nXalMOS5dYrgZq9o5OVkbZAVM06CVxYsCwH9BDZFPlQTlPA1j4ahA==",
      "license": "MIT"
    },
    "node_modules/phaser": {
      "version": "3.90.0",
      "resolved": "https://registry.npmjs.org/phaser/-/phaser-3.90.0.tgz",
      "integrity": "sha512-/cziz/5ZIn02uDkC9RzN8VF9x3Gs3XdFFf9nkiMEQT3p7hQlWuyjy4QWosU802qqno2YSLn2BfqwOKLv/sSVfQ==",
      "license": "MIT",
      "dependencies": {
        "eventemitter3": "^5.0.1"
      }
    },
    "node_modules/timewatch": {
      "version": "1.0.0",
      "resolved": "https://registry.npmjs.org/timewatch/-/timewatch-1.0.0.tgz",
      "integrity": "sha512-LjCInX0Fcq1hr1Hq/cdUDNYVdR6NZC5WW8xG/dPH6UfpkrGmaZxE2WWntnYtPcRSn5DiZ4e83ZCoK2SHpf8aBg==",
      "license": "MIT"
    }
  }
}
